{
  "nodes": {
    "nixpkgs": {
      "locked": {
        "lastModified": 1696524703,
        "narHash": "sha256-KqzFNzhq0GpT09h1w2r2h7NxYvxDnzU3qOWYbfbAqyw=",
        "owner": "NixOS",
        "repo": "nixpkgs",
        "rev": "ef8e9997fcb37d5c8372dc1349185bd0d31752a6",
        "type": "github"
      },
      "original": {
        "owner": "NixOS",
        "ref": "release-23.05",
        "repo": "nixpkgs",
        "type": "github"
      }
    },
    "root": {
      "inputs": {
        "nixpkgs": "nixpkgs"
      }
    }
  },
  "root": "root",
  "version": 7
}
