# This file was autogenerated by Stack.
# You should not edit this file by hand.
# For more information, please see the documentation at:
#   https://docs.haskellstack.org/en/stable/lock_files

packages:
- completed:
    hackage: hashids-1.0.2.3@sha256:e03b6340fb9b7ac909370b28b3c7342a30115bfb5137424fe4974dc00ef99fd0,1487
    pantry-tree:
      size: 316
      sha256: bc3646af49393b4ab5cfb54869bdc3440ddaa8f1410365b7c18a0ab7240ecac1
  original:
    hackage: hashids-1.0.2.3
- completed:
    hackage: hsass-0.5.0@sha256:ad7915d3e89345bf583c25deac5ba9ee0a75c9f9fef6b9247a2b9b1b4a476a03,2807
    pantry-tree:
      size: 1307
      sha256: c3f91ef2651820f2f436906d02ada013db7902a63dc7d9b1b9a2631077537fce
  original:
    hackage: hsass-0.5.0
- completed:
    hackage: stripe-core-2.2.3@sha256:514e63fa4e7eacb507f9f517a6764088d30117ade59265b6fd0ce77fc7d03cfb,2846
    pantry-tree:
      size: 1831
      sha256: 1a21d82b3b2cf9b89f7bbc514a0e20fd51967806005a68c0d58047c91442b96a
  original:
    hackage: stripe-core-2.2.3
- completed:
    hackage: stripe-haskell-2.2.3@sha256:63267e1912d7c22319684147a648e9ff1d3f06101f7ac68349fa56638c7c5971,1116
    pantry-tree:
      size: 347
      sha256: 65458b8d34c0256479ff5e1b0ef328a412ac93fffd1836e12553dd8855d1f8c2
  original:
    hackage: stripe-haskell-2.2.3
- completed:
    hackage: stripe-http-streams-2.2.3@sha256:7ad08037e50fb9c7af7e72c6a956ea32b08b068dc0715b36cdc3476a9274c652,2097
    pantry-tree:
      size: 294
      sha256: 02bfbe24d00428bf21dc2042f563314b6cfc549a51673aea4343fabd6c9bbe22
  original:
    hackage: stripe-http-streams-2.2.3
- completed:
    cabal-file:
      size: 3868
      sha256: 438a33d65e0744a3c802412329255cd3a91461e5c5cbe6ba113a42234a07049e
    name: postgresql-simple-migration
    version: 0.1.9.0
    git: https://gitlab.com/snowdrift/postgresql-simple-migration-patches.git
    pantry-tree:
      size: 958
      sha256: 30e56b8a596c8c1698b86693b041b3d36d70d2f688513a79b6c96e5c1559daf7
    commit: 55ae21a7ee5b0386ec7c6909409b1bdacebcc924
  original:
    git: https://gitlab.com/snowdrift/postgresql-simple-migration-patches.git
    commit: 55ae21a7ee5b0386ec7c6909409b1bdacebcc924
- completed:
    cabal-file:
      size: 2110
      sha256: b3c9f1cf36e9b2540158cb2b6b4eb7ac47e9f31beef0ae8a9866599f8bad35c9
    name: shakespeare-sass
    version: 0.1.4
    git: https://notabug.org/fr33domlover/shakespeare-sass.git
    pantry-tree:
      size: 711
      sha256: dc4347aec68355be7b808f1f340f8f41fe909adff4327fed2b8902d38a4da648
    commit: e25b7f6699096e0ffa619dc71a8ef028940e5bb9
  original:
    git: https://notabug.org/fr33domlover/shakespeare-sass.git
    commit: e25b7f6699096e0ffa619dc71a8ef028940e5bb9
- completed:
    cabal-file:
      size: 2829
      sha256: 27d979c187015f20c89f6f07361731c5160eae1a770bc39892c92d45170fffd7
    name: codex
    version: 0.5.1.2
    git: https://github.com/aloiscochard/codex.git
    pantry-tree:
      size: 1652
      sha256: c70559f1fece80ec150e21acfa42f33df0917dafbe9b049b7f548ef6cb9a0a30
    commit: 0d59fe5099136015912e13a4c1ea573c5fd7f2ff
  original:
    git: https://github.com/aloiscochard/codex.git
    commit: 0d59fe5099136015912e13a4c1ea573c5fd7f2ff
snapshots:
- completed:
    size: 536340
    url: https://raw.githubusercontent.com/commercialhaskell/stackage-snapshots/master/lts/9/18.yaml
    sha256: 3378d236577d99911e5325255f2b147e3f2d1f0253dc680d2b85921183c04e4f
  original: lts-9.18
